Microsoft Visual Studio Solution File, Format Version 12.00
# Visual Studio Version 17
VisualStudioVersion = 17.5.2.0
MinimumVisualStudioVersion = 10.0.40219.1
Project("{FAE04EC0-301F-11D3-BF4B-00C04F79EFBC}") = "SecureProductApi", "SecureProductApi.csproj", "{9CF4BC9E-A8D5-84EF-1D83-3AB0C04309AA}"
EndProject
Global
	GlobalSection(SolutionConfigurationPlatforms) = preSolution
		Debug|Any CPU = Debug|Any CPU
		Release|Any CPU = Release|Any CPU
	EndGlobalSection
	GlobalSection(ProjectConfigurationPlatforms) = postSolution
		{9CF4BC9E-A8D5-84EF-1D83-3AB0C04309AA}.Debug|Any CPU.ActiveCfg = Debug|Any CPU
		{9CF4BC9E-A8D5-84EF-1D83-3AB0C04309AA}.Debug|Any CPU.Build.0 = Debug|Any CPU
		{9CF4BC9E-A8D5-84EF-1D83-3AB0C04309AA}.Release|Any CPU.ActiveCfg = Release|Any CPU
		{9CF4BC9E-A8D5-84EF-1D83-3AB0C04309AA}.Release|Any CPU.Build.0 = Release|Any CPU
	EndGlobalSection
	GlobalSection(SolutionProperties) = preSolution
		HideSolutionNode = FALSE
	EndGlobalSection
	GlobalSection(ExtensibilityGlobals) = postSolution
		SolutionGuid = {1DF84E9B-885A-42F1-AC77-53AD362F8034}
	EndGlobalSection
EndGlobal
