
Microsoft Visual Studio Solution File, Format Version 12.00
# Visual Studio Version 17
VisualStudioVersion = 17.0.31903.59
MinimumVisualStudioVersion = 10.0.40219.1
Project("{FAE04EC0-301F-11D3-BF4B-00C04F79EFBC}") = "Test", "Test\Test.csproj", "{B9E91671-F93C-43A2-9455-30E9BD7B9EFE}"
EndProject
Project("{FAE04EC0-301F-11D3-BF4B-00C04F79EFBC}") = "Cataog", "Cataog\Cataog.csproj", "{2BC5F85E-D60E-4A3C-97CE-89547D40F1FC}"
EndProject
Project("{FAE04EC0-301F-11D3-BF4B-00C04F79EFBC}") = "webApp", "webApp\webApp.csproj", "{D4483B6E-8BA2-44D2-859D-3D72068E6E05}"
EndProject
Global
	GlobalSection(SolutionConfigurationPlatforms) = preSolution
		Debug|Any CPU = Debug|Any CPU
		Debug|x64 = Debug|x64
		Debug|x86 = Debug|x86
		Release|Any CPU = Release|Any CPU
		Release|x64 = Release|x64
		Release|x86 = Release|x86
	EndGlobalSection
	GlobalSection(ProjectConfigurationPlatforms) = postSolution
		{B9E91671-F93C-43A2-9455-30E9BD7B9EFE}.Debug|Any CPU.ActiveCfg = Debug|Any CPU
		{B9E91671-F93C-43A2-9455-30E9BD7B9EFE}.Debug|Any CPU.Build.0 = Debug|Any CPU
		{B9E91671-F93C-43A2-9455-30E9BD7B9EFE}.Debug|x64.ActiveCfg = Debug|Any CPU
		{B9E91671-F93C-43A2-9455-30E9BD7B9EFE}.Debug|x64.Build.0 = Debug|Any CPU
		{B9E91671-F93C-43A2-9455-30E9BD7B9EFE}.Debug|x86.ActiveCfg = Debug|Any CPU
		{B9E91671-F93C-43A2-9455-30E9BD7B9EFE}.Debug|x86.Build.0 = Debug|Any CPU
		{B9E91671-F93C-43A2-9455-30E9BD7B9EFE}.Release|Any CPU.ActiveCfg = Release|Any CPU
		{B9E91671-F93C-43A2-9455-30E9BD7B9EFE}.Release|Any CPU.Build.0 = Release|Any CPU
		{B9E91671-F93C-43A2-9455-30E9BD7B9EFE}.Release|x64.ActiveCfg = Release|Any CPU
		{B9E91671-F93C-43A2-9455-30E9BD7B9EFE}.Release|x64.Build.0 = Release|Any CPU
		{B9E91671-F93C-43A2-9455-30E9BD7B9EFE}.Release|x86.ActiveCfg = Release|Any CPU
		{B9E91671-F93C-43A2-9455-30E9BD7B9EFE}.Release|x86.Build.0 = Release|Any CPU
		{2BC5F85E-D60E-4A3C-97CE-89547D40F1FC}.Debug|Any CPU.ActiveCfg = Debug|Any CPU
		{2BC5F85E-D60E-4A3C-97CE-89547D40F1FC}.Debug|Any CPU.Build.0 = Debug|Any CPU
		{2BC5F85E-D60E-4A3C-97CE-89547D40F1FC}.Debug|x64.ActiveCfg = Debug|Any CPU
		{2BC5F85E-D60E-4A3C-97CE-89547D40F1FC}.Debug|x64.Build.0 = Debug|Any CPU
		{2BC5F85E-D60E-4A3C-97CE-89547D40F1FC}.Debug|x86.ActiveCfg = Debug|Any CPU
		{2BC5F85E-D60E-4A3C-97CE-89547D40F1FC}.Debug|x86.Build.0 = Debug|Any CPU
		{2BC5F85E-D60E-4A3C-97CE-89547D40F1FC}.Release|Any CPU.ActiveCfg = Release|Any CPU
		{2BC5F85E-D60E-4A3C-97CE-89547D40F1FC}.Release|Any CPU.Build.0 = Release|Any CPU
		{2BC5F85E-D60E-4A3C-97CE-89547D40F1FC}.Release|x64.ActiveCfg = Release|Any CPU
		{2BC5F85E-D60E-4A3C-97CE-89547D40F1FC}.Release|x64.Build.0 = Release|Any CPU
		{2BC5F85E-D60E-4A3C-97CE-89547D40F1FC}.Release|x86.ActiveCfg = Release|Any CPU
		{2BC5F85E-D60E-4A3C-97CE-89547D40F1FC}.Release|x86.Build.0 = Release|Any CPU
		{D4483B6E-8BA2-44D2-859D-3D72068E6E05}.Debug|Any CPU.ActiveCfg = Debug|Any CPU
		{D4483B6E-8BA2-44D2-859D-3D72068E6E05}.Debug|Any CPU.Build.0 = Debug|Any CPU
		{D4483B6E-8BA2-44D2-859D-3D72068E6E05}.Debug|x64.ActiveCfg = Debug|Any CPU
		{D4483B6E-8BA2-44D2-859D-3D72068E6E05}.Debug|x64.Build.0 = Debug|Any CPU
		{D4483B6E-8BA2-44D2-859D-3D72068E6E05}.Debug|x86.ActiveCfg = Debug|Any CPU
		{D4483B6E-8BA2-44D2-859D-3D72068E6E05}.Debug|x86.Build.0 = Debug|Any CPU
		{D4483B6E-8BA2-44D2-859D-3D72068E6E05}.Release|Any CPU.ActiveCfg = Release|Any CPU
		{D4483B6E-8BA2-44D2-859D-3D72068E6E05}.Release|Any CPU.Build.0 = Release|Any CPU
		{D4483B6E-8BA2-44D2-859D-3D72068E6E05}.Release|x64.ActiveCfg = Release|Any CPU
		{D4483B6E-8BA2-44D2-859D-3D72068E6E05}.Release|x64.Build.0 = Release|Any CPU
		{D4483B6E-8BA2-44D2-859D-3D72068E6E05}.Release|x86.ActiveCfg = Release|Any CPU
		{D4483B6E-8BA2-44D2-859D-3D72068E6E05}.Release|x86.Build.0 = Release|Any CPU
	EndGlobalSection
	GlobalSection(SolutionProperties) = preSolution
		HideSolutionNode = FALSE
	EndGlobalSection
EndGlobal
