Microsoft Visual Studio Solution File, Format Version 12.00
# Visual Studio Version 17
VisualStudioVersion = 17.5.2.0
MinimumVisualStudioVersion = 10.0.40219.1
Project("{FAE04EC0-301F-11D3-BF4B-00C04F79EFBC}") = "TcpClient", "TcpClient\TcpClient.csproj", "{8A32132E-6964-A602-B7A3-9D530095C604}"
EndProject
Project("{FAE04EC0-301F-11D3-BF4B-00C04F79EFBC}") = "TcpServer", "TcpServer\TcpServer.csproj", "{FD612D59-CFCA-594D-C341-CFA0CB474DC4}"
EndProject
Global
	GlobalSection(SolutionConfigurationPlatforms) = preSolution
		Debug|Any CPU = Debug|Any CPU
		Release|Any CPU = Release|Any CPU
	EndGlobalSection
	GlobalSection(ProjectConfigurationPlatforms) = postSolution
		{8A32132E-6964-A602-B7A3-9D530095C604}.Debug|Any CPU.ActiveCfg = Debug|Any CPU
		{8A32132E-6964-A602-B7A3-9D530095C604}.Debug|Any CPU.Build.0 = Debug|Any CPU
		{8A32132E-6964-A602-B7A3-9D530095C604}.Release|Any CPU.ActiveCfg = Release|Any CPU
		{8A32132E-6964-A602-B7A3-9D530095C604}.Release|Any CPU.Build.0 = Release|Any CPU
		{FD612D59-CFCA-594D-C341-CFA0CB474DC4}.Debug|Any CPU.ActiveCfg = Debug|Any CPU
		{FD612D59-CFCA-594D-C341-CFA0CB474DC4}.Debug|Any CPU.Build.0 = Debug|Any CPU
		{FD612D59-CFCA-594D-C341-CFA0CB474DC4}.Release|Any CPU.ActiveCfg = Release|Any CPU
		{FD612D59-CFCA-594D-C341-CFA0CB474DC4}.Release|Any CPU.Build.0 = Release|Any CPU
	EndGlobalSection
	GlobalSection(SolutionProperties) = preSolution
		HideSolutionNode = FALSE
	EndGlobalSection
	GlobalSection(ExtensibilityGlobals) = postSolution
		SolutionGuid = {F992B7E9-A32D-420B-B2AC-4E13A2A0AA9C}
	EndGlobalSection
EndGlobal
